
Microsoft Visual Studio Solution File, Format Version 11.00
# Visual Studio 2010
Project("{FAE04EC0-301F-11D3-BF4B-00C04F79EFBC}") = "Assembly-CSharp", "Assembly-CSharp.csproj", "{06380735-59C0-C017-061E-5998F9D1D90D}"
EndProject
Project("{FAE04EC0-301F-11D3-BF4B-00C04F79EFBC}") = "Assembly-CSharp-Editor", "Assembly-CSharp-Editor.csproj", "{73C76C82-69BE-45BA-86BF-3B527649B355}"
EndProject
Global
	GlobalSection(SolutionConfigurationPlatforms) = preSolution
		Debug|Any CPU = Debug|Any CPU
		Release|Any CPU = Release|Any CPU
	EndGlobalSection
	GlobalSection(ProjectConfigurationPlatforms) = postSolution
		{06380735-59C0-C017-061E-5998F9D1D90D}.Debug|Any CPU.ActiveCfg = Debug|Any CPU
		{06380735-59C0-C017-061E-5998F9D1D90D}.Debug|Any CPU.Build.0 = Debug|Any CPU
		{06380735-59C0-C017-061E-5998F9D1D90D}.Release|Any CPU.ActiveCfg = Release|Any CPU
		{06380735-59C0-C017-061E-5998F9D1D90D}.Release|Any CPU.Build.0 = Release|Any CPU
		{73C76C82-69BE-45BA-86BF-3B527649B355}.Debug|Any CPU.ActiveCfg = Debug|Any CPU
		{73C76C82-69BE-45BA-86BF-3B527649B355}.Debug|Any CPU.Build.0 = Debug|Any CPU
		{73C76C82-69BE-45BA-86BF-3B527649B355}.Release|Any CPU.ActiveCfg = Release|Any CPU
		{73C76C82-69BE-45BA-86BF-3B527649B355}.Release|Any CPU.Build.0 = Release|Any CPU
	EndGlobalSection
	GlobalSection(SolutionProperties) = preSolution
		HideSolutionNode = FALSE
	EndGlobalSection
	GlobalSection(MonoDevelopProperties) = preSolution
		StartupItem = Assembly-CSharp.csproj
	EndGlobalSection
EndGlobal
